
Microsoft Visual Studio Solution File, Format Version 12.00
# Visual Studio Version 16
VisualStudioVersion = 16.0.30503.244
MinimumVisualStudioVersion = 10.0.40219.1
Project("{F184B08F-C81C-45F6-A57F-5ABD9991F28F}") = "DepositoAnlis", "DepositoAnlis\DepositoAnlis.vbproj", "{96828C92-E1D9-439A-95CE-5CF26E9285AE}"
EndProject
Project("{FAE04EC0-301F-11D3-BF4B-00C04F79EFBC}") = "Pdf2Text", "Pdf2Text\Pdf2Text.csproj", "{C652E99C-1853-4626-8E77-B2F60E3457D8}"
EndProject
Project("{54435603-DBB4-11D2-8724-00A0C9A8B90C}") = "InstaladorAnlisDep", "InstaladorAnlisDep\InstaladorAnlisDep.vdproj", "{167AFAB2-649C-4979-A5FB-12E5B7B89997}"
EndProject
Global
	GlobalSection(SolutionConfigurationPlatforms) = preSolution
		Debug|Any CPU = Debug|Any CPU
		Release|Any CPU = Release|Any CPU
	EndGlobalSection
	GlobalSection(ProjectConfigurationPlatforms) = postSolution
		{96828C92-E1D9-439A-95CE-5CF26E9285AE}.Debug|Any CPU.ActiveCfg = Debug|Any CPU
		{96828C92-E1D9-439A-95CE-5CF26E9285AE}.Debug|Any CPU.Build.0 = Debug|Any CPU
		{96828C92-E1D9-439A-95CE-5CF26E9285AE}.Release|Any CPU.ActiveCfg = Release|Any CPU
		{96828C92-E1D9-439A-95CE-5CF26E9285AE}.Release|Any CPU.Build.0 = Release|Any CPU
		{C652E99C-1853-4626-8E77-B2F60E3457D8}.Debug|Any CPU.ActiveCfg = Debug|Any CPU
		{C652E99C-1853-4626-8E77-B2F60E3457D8}.Debug|Any CPU.Build.0 = Debug|Any CPU
		{C652E99C-1853-4626-8E77-B2F60E3457D8}.Release|Any CPU.ActiveCfg = Release|Any CPU
		{C652E99C-1853-4626-8E77-B2F60E3457D8}.Release|Any CPU.Build.0 = Release|Any CPU
		{167AFAB2-649C-4979-A5FB-12E5B7B89997}.Debug|Any CPU.ActiveCfg = Debug
		{167AFAB2-649C-4979-A5FB-12E5B7B89997}.Release|Any CPU.ActiveCfg = Release
	EndGlobalSection
	GlobalSection(SolutionProperties) = preSolution
		HideSolutionNode = FALSE
	EndGlobalSection
	GlobalSection(ExtensibilityGlobals) = postSolution
		SolutionGuid = {7EF0E812-5B64-4C09-BD9F-EEB837EEC9E2}
	EndGlobalSection
EndGlobal
